{
  "name": "curbside",
  "version": "1.0.0",
  "lockfileVersion": 1,
  "requires": true,
  "dependencies": {
    "geohash-distance": {
      "version": "1.0.2",
      "resolved": "https://registry.npmjs.org/geohash-distance/-/geohash-distance-1.0.2.tgz",
      "integrity": "sha512-YfhgnOpa48bcNrMpfZxPMV2JK69oWfivVgejQNQFQ6EMYfW10tImWc7tZr41gL31iBVXSd90JDvZUyHX6DHeBw==",
      "requires": {
        "latlon-geohash": "^1.1.0"
      }
    },
    "georaptor": {
      "version": "2.0.0",
      "resolved": "https://registry.npmjs.org/georaptor/-/georaptor-2.0.0.tgz",
      "integrity": "sha512-FwzyoNirRjo4JVCRm/C6UBozjHbuxvQBUDTJKQqB7jUJEnO5uQvy/TFqTtVM1wrkVVqQkLsmXUSUEbXfyR9RGA==",
      "requires": {
        "ngeohash": "^0.6.0"
      }
    },
    "latlon-geohash": {
      "version": "1.1.0",
      "resolved": "https://registry.npmjs.org/latlon-geohash/-/latlon-geohash-1.1.0.tgz",
      "integrity": "sha1-er4VIkxIAOPq7Kxxx1OiC/tsv2U="
    },
    "ngeohash": {
      "version": "0.6.3",
      "resolved": "https://registry.npmjs.org/ngeohash/-/ngeohash-0.6.3.tgz",
      "integrity": "sha512-kltF0cOxgx1AbmVzKxYZaoB0aj7mOxZeHaerEtQV0YaqnkXNq26WWqMmJ6lTqShYxVRWZ/mwvvTrNeOwdslWiw=="
    },
    "proximityhash": {
      "version": "2.1.2",
      "resolved": "https://registry.npmjs.org/proximityhash/-/proximityhash-2.1.2.tgz",
      "integrity": "sha512-Y3jQcstKVy9VH1Ip6CnHCUn+ujAMFUNAOP9iR18ePJaVPAjCh3JHe8faJ0jsPI5iR1dBxbzX2njKhhHb2y8V+A==",
      "requires": {
        "georaptor": "2.0.0",
        "ngeohash": "0.6.0"
      },
      "dependencies": {
        "ngeohash": {
          "version": "0.6.0",
          "resolved": "https://registry.npmjs.org/ngeohash/-/ngeohash-0.6.0.tgz",
          "integrity": "sha1-MpcT6ec9HxpG2SqrC5StuUUz9oc="
        }
      }
    }
  }
}
